
Microsoft Visual Studio Solution File, Format Version 12.00
# Visual Studio Version 16
VisualStudioVersion = 16.0.30907.101
MinimumVisualStudioVersion = 10.0.40219.1
Project("{FAE04EC0-301F-11D3-BF4B-00C04F79EFBC}") = "assignment1", "assignment1\assignment1.csproj", "{3292164F-B690-473E-B593-9A61D1A148BB}"
EndProject
Project("{FAE04EC0-301F-11D3-BF4B-00C04F79EFBC}") = "assignment2", "assignment2\assignment2.csproj", "{070515A4-AAF4-49A2-B6B1-33171C146558}"
EndProject
Global
	GlobalSection(SolutionConfigurationPlatforms) = preSolution
		Debug|Any CPU = Debug|Any CPU
		Release|Any CPU = Release|Any CPU
	EndGlobalSection
	GlobalSection(ProjectConfigurationPlatforms) = postSolution
		{3292164F-B690-473E-B593-9A61D1A148BB}.Debug|Any CPU.ActiveCfg = Debug|Any CPU
		{3292164F-B690-473E-B593-9A61D1A148BB}.Debug|Any CPU.Build.0 = Debug|Any CPU
		{3292164F-B690-473E-B593-9A61D1A148BB}.Release|Any CPU.ActiveCfg = Release|Any CPU
		{3292164F-B690-473E-B593-9A61D1A148BB}.Release|Any CPU.Build.0 = Release|Any CPU
		{070515A4-AAF4-49A2-B6B1-33171C146558}.Debug|Any CPU.ActiveCfg = Debug|Any CPU
		{070515A4-AAF4-49A2-B6B1-33171C146558}.Debug|Any CPU.Build.0 = Debug|Any CPU
		{070515A4-AAF4-49A2-B6B1-33171C146558}.Release|Any CPU.ActiveCfg = Release|Any CPU
		{070515A4-AAF4-49A2-B6B1-33171C146558}.Release|Any CPU.Build.0 = Release|Any CPU
	EndGlobalSection
	GlobalSection(SolutionProperties) = preSolution
		HideSolutionNode = FALSE
	EndGlobalSection
	GlobalSection(ExtensibilityGlobals) = postSolution
		SolutionGuid = {9608A71A-3E45-4480-9D69-DB705AF6C9B7}
	EndGlobalSection
EndGlobal
